
Microsoft Visual Studio Solution File, Format Version 12.00
# Visual Studio Version 17
VisualStudioVersion = 17.0.31903.59
MinimumVisualStudioVersion = 10.0.40219.1
Project("{FAE04EC0-301F-11D3-BF4B-00C04F79EFBC}") = "GeNet.Equals", "GeNet.Equals\GeNet.Equals.csproj", "{CD3D3855-6D4F-4E24-8602-F491B7FEDDD0}"
EndProject
Project("{FAE04EC0-301F-11D3-BF4B-00C04F79EFBC}") = "GeNet.UnitTests", "GeNet.UnitTests\GeNet.UnitTests.csproj", "{87F95199-BB7B-41D5-8193-2E611299D9D6}"
EndProject
Project("{FAE04EC0-301F-11D3-BF4B-00C04F79EFBC}") = "DebugProject", "DebugProject\DebugProject.csproj", "{5156B639-5391-4E16-8352-4824BF9EB127}"
EndProject
Project("{FAE04EC0-301F-11D3-BF4B-00C04F79EFBC}") = "GeNet.Disposable", "GeNet.Disposable\GeNet.Disposable.csproj", "{4E3970BB-C6E3-418E-B521-BEC659322F1B}"
EndProject
Project("{FAE04EC0-301F-11D3-BF4B-00C04F79EFBC}") = "GeNet.Common", "GeNet.Common\GeNet.Common.csproj", "{E5737E6B-655E-40BE-A8A5-5EDDB00E4858}"
EndProject
Global
	GlobalSection(SolutionConfigurationPlatforms) = preSolution
		Debug|Any CPU = Debug|Any CPU
		Release|Any CPU = Release|Any CPU
	EndGlobalSection
	GlobalSection(SolutionProperties) = preSolution
		HideSolutionNode = FALSE
	EndGlobalSection
	GlobalSection(ProjectConfigurationPlatforms) = postSolution
		{CD3D3855-6D4F-4E24-8602-F491B7FEDDD0}.Debug|Any CPU.ActiveCfg = Debug|Any CPU
		{CD3D3855-6D4F-4E24-8602-F491B7FEDDD0}.Debug|Any CPU.Build.0 = Debug|Any CPU
		{CD3D3855-6D4F-4E24-8602-F491B7FEDDD0}.Release|Any CPU.ActiveCfg = Release|Any CPU
		{CD3D3855-6D4F-4E24-8602-F491B7FEDDD0}.Release|Any CPU.Build.0 = Release|Any CPU
		{87F95199-BB7B-41D5-8193-2E611299D9D6}.Debug|Any CPU.ActiveCfg = Debug|Any CPU
		{87F95199-BB7B-41D5-8193-2E611299D9D6}.Debug|Any CPU.Build.0 = Debug|Any CPU
		{87F95199-BB7B-41D5-8193-2E611299D9D6}.Release|Any CPU.ActiveCfg = Release|Any CPU
		{87F95199-BB7B-41D5-8193-2E611299D9D6}.Release|Any CPU.Build.0 = Release|Any CPU
		{5156B639-5391-4E16-8352-4824BF9EB127}.Debug|Any CPU.ActiveCfg = Debug|Any CPU
		{5156B639-5391-4E16-8352-4824BF9EB127}.Debug|Any CPU.Build.0 = Debug|Any CPU
		{5156B639-5391-4E16-8352-4824BF9EB127}.Release|Any CPU.ActiveCfg = Release|Any CPU
		{5156B639-5391-4E16-8352-4824BF9EB127}.Release|Any CPU.Build.0 = Release|Any CPU
		{4E3970BB-C6E3-418E-B521-BEC659322F1B}.Debug|Any CPU.ActiveCfg = Debug|Any CPU
		{4E3970BB-C6E3-418E-B521-BEC659322F1B}.Debug|Any CPU.Build.0 = Debug|Any CPU
		{4E3970BB-C6E3-418E-B521-BEC659322F1B}.Release|Any CPU.ActiveCfg = Release|Any CPU
		{4E3970BB-C6E3-418E-B521-BEC659322F1B}.Release|Any CPU.Build.0 = Release|Any CPU
		{E5737E6B-655E-40BE-A8A5-5EDDB00E4858}.Debug|Any CPU.ActiveCfg = Debug|Any CPU
		{E5737E6B-655E-40BE-A8A5-5EDDB00E4858}.Debug|Any CPU.Build.0 = Debug|Any CPU
		{E5737E6B-655E-40BE-A8A5-5EDDB00E4858}.Release|Any CPU.ActiveCfg = Release|Any CPU
		{E5737E6B-655E-40BE-A8A5-5EDDB00E4858}.Release|Any CPU.Build.0 = Release|Any CPU
	EndGlobalSection
EndGlobal
